
Microsoft Visual Studio Solution File, Format Version 12.00
# Visual Studio Express 15 for Windows Desktop
VisualStudioVersion = 15.0.28307.1000
MinimumVisualStudioVersion = 10.0.40219.1
Project("{FAE04EC0-301F-11D3-BF4B-00C04F79EFBC}") = "adiary_service", "adiary_service.csproj", "{2410AD04-5635-4209-9364-55724B3ED586}"
EndProject
Global
	GlobalSection(SolutionConfigurationPlatforms) = preSolution
		Debug|Any CPU = Debug|Any CPU
		Release|Any CPU = Release|Any CPU
	EndGlobalSection
	GlobalSection(ProjectConfigurationPlatforms) = postSolution
		{2410AD04-5635-4209-9364-55724B3ED586}.Debug|Any CPU.ActiveCfg = Debug|Any CPU
		{2410AD04-5635-4209-9364-55724B3ED586}.Debug|Any CPU.Build.0 = Debug|Any CPU
		{2410AD04-5635-4209-9364-55724B3ED586}.Release|Any CPU.ActiveCfg = Release|Any CPU
		{2410AD04-5635-4209-9364-55724B3ED586}.Release|Any CPU.Build.0 = Release|Any CPU
	EndGlobalSection
	GlobalSection(SolutionProperties) = preSolution
		HideSolutionNode = FALSE
	EndGlobalSection
	GlobalSection(ExtensibilityGlobals) = postSolution
		SolutionGuid = {422447DE-6271-484E-B43D-BF4E397CD178}
	EndGlobalSection
EndGlobal
